
Microsoft Visual Studio Solution File, Format Version 12.00
# Visual Studio Version 16
VisualStudioVersion = 16.0.28803.202
MinimumVisualStudioVersion = 10.0.40219.1
Project("{FAE04EC0-301F-11D3-BF4B-00C04F79EFBC}") = "LiveLikeTree", "LiveLikeTree\LiveLikeTree.csproj", "{A561C800-D00F-4B5D-B2D9-435661270034}"
EndProject
Project("{FAE04EC0-301F-11D3-BF4B-00C04F79EFBC}") = "LiveLikeTree.Tests", "LiveLikeTree.Tests\LiveLikeTree.Tests.csproj", "{690293C5-F42D-4F91-80F2-847735C3A568}"
EndProject
Global
	GlobalSection(SolutionConfigurationPlatforms) = preSolution
		Debug|Any CPU = Debug|Any CPU
		Release|Any CPU = Release|Any CPU
	EndGlobalSection
	GlobalSection(ProjectConfigurationPlatforms) = postSolution
		{A561C800-D00F-4B5D-B2D9-435661270034}.Debug|Any CPU.ActiveCfg = Debug|Any CPU
		{A561C800-D00F-4B5D-B2D9-435661270034}.Debug|Any CPU.Build.0 = Debug|Any CPU
		{A561C800-D00F-4B5D-B2D9-435661270034}.Release|Any CPU.ActiveCfg = Release|Any CPU
		{A561C800-D00F-4B5D-B2D9-435661270034}.Release|Any CPU.Build.0 = Release|Any CPU
		{690293C5-F42D-4F91-80F2-847735C3A568}.Debug|Any CPU.ActiveCfg = Debug|Any CPU
		{690293C5-F42D-4F91-80F2-847735C3A568}.Debug|Any CPU.Build.0 = Debug|Any CPU
		{690293C5-F42D-4F91-80F2-847735C3A568}.Release|Any CPU.ActiveCfg = Release|Any CPU
		{690293C5-F42D-4F91-80F2-847735C3A568}.Release|Any CPU.Build.0 = Release|Any CPU
	EndGlobalSection
	GlobalSection(SolutionProperties) = preSolution
		HideSolutionNode = FALSE
	EndGlobalSection
	GlobalSection(ExtensibilityGlobals) = postSolution
		SolutionGuid = {FD355E86-A43B-49A2-BED5-7F41C9948D18}
	EndGlobalSection
EndGlobal
